
Microsoft Visual Studio Solution File, Format Version 12.00
# Visual Studio Version 16
VisualStudioVersion = 16.0.30621.155
MinimumVisualStudioVersion = 10.0.40219.1
Project("{FAE04EC0-301F-11D3-BF4B-00C04F79EFBC}") = "Hilos", "Thread\Hilos.csproj", "{309E2E43-7EEA-41FF-AEC5-D65079215BB4}"
EndProject
Global
	GlobalSection(SolutionConfigurationPlatforms) = preSolution
		Debug|Any CPU = Debug|Any CPU
		Release|Any CPU = Release|Any CPU
	EndGlobalSection
	GlobalSection(ProjectConfigurationPlatforms) = postSolution
		{309E2E43-7EEA-41FF-AEC5-D65079215BB4}.Debug|Any CPU.ActiveCfg = Debug|Any CPU
		{309E2E43-7EEA-41FF-AEC5-D65079215BB4}.Debug|Any CPU.Build.0 = Debug|Any CPU
		{309E2E43-7EEA-41FF-AEC5-D65079215BB4}.Release|Any CPU.ActiveCfg = Release|Any CPU
		{309E2E43-7EEA-41FF-AEC5-D65079215BB4}.Release|Any CPU.Build.0 = Release|Any CPU
	EndGlobalSection
	GlobalSection(SolutionProperties) = preSolution
		HideSolutionNode = FALSE
	EndGlobalSection
	GlobalSection(ExtensibilityGlobals) = postSolution
		SolutionGuid = {FEC48177-973B-416B-A696-CC42BCD9FA94}
	EndGlobalSection
EndGlobal
